// !$*UTF8*$!
{
	archiveVersion = 1;
	classes = {
	};
	objectVersion = 77;
	objects = {

/* Begin PBXBuildFile section */
		D48B293A2D886A6600FF286D /* FirebaseAnalytics in Frameworks */ = {isa = PBXBuildFile; productRef = D48B29392D886A6600FF286D /* FirebaseAnalytics */; };
		D48B293C2D886A6600FF286D /* FirebaseCrashlytics in Frameworks */ = {isa = PBXBuildFile; productRef = D48B293B2D886A6600FF286D /* FirebaseCrashlytics */; };
		D4B85ED72D88E7E6008226C9 /* FirebaseFirestore in Frameworks */ = {isa = PBXBuildFile; productRef = D4B85ED62D88E7E6008226C9 /* FirebaseFirestore */; };
		D4B85ED92D88E87D008226C9 /* FirebaseAuth in Frameworks */ = {isa = PBXBuildFile; productRef = D4B85ED82D88E87D008226C9 /* FirebaseAuth */; };
/* End PBXBuildFile section */

/* Begin PBXContainerItemProxy section */
		D4EADC212D773CA00087D8B2 /* PBXContainerItemProxy */ = {
			isa = PBXContainerItemProxy;
			containerPortal = D4EADC082D773C9E0087D8B2 /* Project object */;
			proxyType = 1;
			remoteGlobalIDString = D4EADC0F2D773C9E0087D8B2;
			remoteInfo = DigimonAPISwiftUICombine;
		};
		D4EADC2B2D773CA00087D8B2 /* PBXContainerItemProxy */ = {
			isa = PBXContainerItemProxy;
			containerPortal = D4EADC082D773C9E0087D8B2 /* Project object */;
			proxyType = 1;
			remoteGlobalIDString = D4EADC0F2D773C9E0087D8B2;
			remoteInfo = DigimonAPISwiftUICombine;
		};
/* End PBXContainerItemProxy section */

/* Begin PBXFileReference section */
		D4EADC102D773C9E0087D8B2 /* DigimonAPISwiftUICombine.app */ = {isa = PBXFileReference; explicitFileType = wrapper.application; includeInIndex = 0; path = DigimonAPISwiftUICombine.app; sourceTree = BUILT_PRODUCTS_DIR; };
		D4EADC202D773CA00087D8B2 /* DigimonAPISwiftUICombineTests.xctest */ = {isa = PBXFileReference; explicitFileType = wrapper.cfbundle; includeInIndex = 0; path = DigimonAPISwiftUICombineTests.xctest; sourceTree = BUILT_PRODUCTS_DIR; };
		D4EADC2A2D773CA00087D8B2 /* DigimonAPISwiftUICombineUITests.xctest */ = {isa = PBXFileReference; explicitFileType = wrapper.cfbundle; includeInIndex = 0; path = DigimonAPISwiftUICombineUITests.xctest; sourceTree = BUILT_PRODUCTS_DIR; };
/* End PBXFileReference section */

/* Begin PBXFileSystemSynchronizedBuildFileExceptionSet section */
		D4B85ED42D888C9A008226C9 /* Exceptions for "DigimonAPISwiftUICombine" folder in "DigimonAPISwiftUICombine" target */ = {
			isa = PBXFileSystemSynchronizedBuildFileExceptionSet;
			membershipExceptions = (
				Info.plist,
			);
			target = D4EADC0F2D773C9E0087D8B2 /* DigimonAPISwiftUICombine */;
		};
		D4EADCF02D7924C50087D8B2 /* Exceptions for "DigimonAPISwiftUICombineTests" folder in "DigimonAPISwiftUICombine" target */ = {
			isa = PBXFileSystemSynchronizedBuildFileExceptionSet;
			membershipExceptions = (
				Mocks/MockAPIService.swift,
			);
			target = D4EADC0F2D773C9E0087D8B2 /* DigimonAPISwiftUICombine */;
		};
		D4EADCF12D7924C50087D8B2 /* Exceptions for "DigimonAPISwiftUICombineTests" folder in "DigimonAPISwiftUICombineTests" target */ = {
			isa = PBXFileSystemSynchronizedBuildFileExceptionSet;
			membershipExceptions = (
				Mocks/MockAPIService.swift,
			);
			target = D4EADC1F2D773CA00087D8B2 /* DigimonAPISwiftUICombineTests */;
		};
/* End PBXFileSystemSynchronizedBuildFileExceptionSet section */

/* Begin PBXFileSystemSynchronizedRootGroup section */
		D4EADC122D773C9E0087D8B2 /* DigimonAPISwiftUICombine */ = {
			isa = PBXFileSystemSynchronizedRootGroup;
			exceptions = (
				D4B85ED42D888C9A008226C9 /* Exceptions for "DigimonAPISwiftUICombine" folder in "DigimonAPISwiftUICombine" target */,
			);
			path = DigimonAPISwiftUICombine;
			sourceTree = "<group>";
		};
		D4EADC232D773CA00087D8B2 /* DigimonAPISwiftUICombineTests */ = {
			isa = PBXFileSystemSynchronizedRootGroup;
			exceptions = (
				D4EADCF02D7924C50087D8B2 /* Exceptions for "DigimonAPISwiftUICombineTests" folder in "DigimonAPISwiftUICombine" target */,
				D4EADCF12D7924C50087D8B2 /* Exceptions for "DigimonAPISwiftUICombineTests" folder in "DigimonAPISwiftUICombineTests" target */,
			);
			path = DigimonAPISwiftUICombineTests;
			sourceTree = "<group>";
		};
/* End PBXFileSystemSynchronizedRootGroup section */

/* Begin PBXFrameworksBuildPhase section */
		D4EADC0D2D773C9E0087D8B2 /* Frameworks */ = {
			isa = PBXFrameworksBuildPhase;
			buildActionMask = 2147483647;
			files = (
				D48B293A2D886A6600FF286D /* FirebaseAnalytics in Frameworks */,
				D48B293C2D886A6600FF286D /* FirebaseCrashlytics in Frameworks */,
				D4B85ED72D88E7E6008226C9 /* FirebaseFirestore in Frameworks */,
				D4B85ED92D88E87D008226C9 /* FirebaseAuth in Frameworks */,
			);
			runOnlyForDeploymentPostprocessing = 0;
		};
		D4EADC1D2D773CA00087D8B2 /* Frameworks */ = {
			isa = PBXFrameworksBuildPhase;
			buildActionMask = 2147483647;
			files = (
			);
			runOnlyForDeploymentPostprocessing = 0;
		};
		D4EADC272D773CA00087D8B2 /* Frameworks */ = {
			isa = PBXFrameworksBuildPhase;
			buildActionMask = 2147483647;
			files = (
			);
			runOnlyForDeploymentPostprocessing = 0;
		};
/* End PBXFrameworksBuildPhase section */

/* Begin PBXGroup section */
		D4EADC072D773C9E0087D8B2 = {
			isa = PBXGroup;
			children = (
				D4EADC122D773C9E0087D8B2 /* DigimonAPISwiftUICombine */,
				D4EADC232D773CA00087D8B2 /* DigimonAPISwiftUICombineTests */,
				D4EADC112D773C9E0087D8B2 /* Products */,
			);
			sourceTree = "<group>";
		};
		D4EADC112D773C9E0087D8B2 /* Products */ = {
			isa = PBXGroup;
			children = (
				D4EADC102D773C9E0087D8B2 /* DigimonAPISwiftUICombine.app */,
				D4EADC202D773CA00087D8B2 /* DigimonAPISwiftUICombineTests.xctest */,
				D4EADC2A2D773CA00087D8B2 /* DigimonAPISwiftUICombineUITests.xctest */,
			);
			name = Products;
			sourceTree = "<group>";
		};
/* End PBXGroup section */

/* Begin PBXNativeTarget section */
		D4EADC0F2D773C9E0087D8B2 /* DigimonAPISwiftUICombine */ = {
			isa = PBXNativeTarget;
			buildConfigurationList = D4EADC342D773CA00087D8B2 /* Build configuration list for PBXNativeTarget "DigimonAPISwiftUICombine" */;
			buildPhases = (
				D4EADC0C2D773C9E0087D8B2 /* Sources */,
				D4EADC0D2D773C9E0087D8B2 /* Frameworks */,
				D4EADC0E2D773C9E0087D8B2 /* Resources */,
				D4B85ED52D88E599008226C9 /* ShellScript */,
			);
			buildRules = (
			);
			dependencies = (
			);
			fileSystemSynchronizedGroups = (
				D4EADC122D773C9E0087D8B2 /* DigimonAPISwiftUICombine */,
			);
			name = DigimonAPISwiftUICombine;
			packageProductDependencies = (
				D48B29392D886A6600FF286D /* FirebaseAnalytics */,
				D48B293B2D886A6600FF286D /* FirebaseCrashlytics */,
				D4B85ED62D88E7E6008226C9 /* FirebaseFirestore */,
				D4B85ED82D88E87D008226C9 /* FirebaseAuth */,
			);
			productName = DigimonAPISwiftUICombine;
			productReference = D4EADC102D773C9E0087D8B2 /* DigimonAPISwiftUICombine.app */;
			productType = "com.apple.product-type.application";
		};
		D4EADC1F2D773CA00087D8B2 /* DigimonAPISwiftUICombineTests */ = {
			isa = PBXNativeTarget;
			buildConfigurationList = D4EADC372D773CA00087D8B2 /* Build configuration list for PBXNativeTarget "DigimonAPISwiftUICombineTests" */;
			buildPhases = (
				D4EADC1C2D773CA00087D8B2 /* Sources */,
				D4EADC1D2D773CA00087D8B2 /* Frameworks */,
				D4EADC1E2D773CA00087D8B2 /* Resources */,
			);
			buildRules = (
			);
			dependencies = (
				D4EADC222D773CA00087D8B2 /* PBXTargetDependency */,
			);
			fileSystemSynchronizedGroups = (
				D4EADC232D773CA00087D8B2 /* DigimonAPISwiftUICombineTests */,
			);
			name = DigimonAPISwiftUICombineTests;
			packageProductDependencies = (
			);
			productName = DigimonAPISwiftUICombineTests;
			productReference = D4EADC202D773CA00087D8B2 /* DigimonAPISwiftUICombineTests.xctest */;
			productType = "com.apple.product-type.bundle.unit-test";
		};
		D4EADC292D773CA00087D8B2 /* DigimonAPISwiftUICombineUITests */ = {
			isa = PBXNativeTarget;
			buildConfigurationList = D4EADC3A2D773CA00087D8B2 /* Build configuration list for PBXNativeTarget "DigimonAPISwiftUICombineUITests" */;
			buildPhases = (
				D4EADC262D773CA00087D8B2 /* Sources */,
				D4EADC272D773CA00087D8B2 /* Frameworks */,
				D4EADC282D773CA00087D8B2 /* Resources */,
			);
			buildRules = (
			);
			dependencies = (
				D4EADC2C2D773CA00087D8B2 /* PBXTargetDependency */,
			);
			name = DigimonAPISwiftUICombineUITests;
			packageProductDependencies = (
			);
			productName = DigimonAPISwiftUICombineUITests;
			productReference = D4EADC2A2D773CA00087D8B2 /* DigimonAPISwiftUICombineUITests.xctest */;
			productType = "com.apple.product-type.bundle.ui-testing";
		};
/* End PBXNativeTarget section */

/* Begin PBXProject section */
		D4EADC082D773C9E0087D8B2 /* Project object */ = {
			isa = PBXProject;
			attributes = {
				BuildIndependentTargetsInParallel = 1;
				LastSwiftUpdateCheck = 1620;
				LastUpgradeCheck = 1620;
				TargetAttributes = {
					D4EADC0F2D773C9E0087D8B2 = {
						CreatedOnToolsVersion = 16.2;
					};
					D4EADC1F2D773CA00087D8B2 = {
						CreatedOnToolsVersion = 16.2;
						TestTargetID = D4EADC0F2D773C9E0087D8B2;
					};
					D4EADC292D773CA00087D8B2 = {
						CreatedOnToolsVersion = 16.2;
						TestTargetID = D4EADC0F2D773C9E0087D8B2;
					};
				};
			};
			buildConfigurationList = D4EADC0B2D773C9E0087D8B2 /* Build configuration list for PBXProject "DigimonAPISwiftUICombine" */;
			developmentRegion = en;
			hasScannedForEncodings = 0;
			knownRegions = (
				en,
				Base,
			);
			mainGroup = D4EADC072D773C9E0087D8B2;
			minimizedProjectReferenceProxies = 1;
			packageReferences = (
				D48B29382D886A6600FF286D /* XCRemoteSwiftPackageReference "firebase-ios-sdk" */,
			);
			preferredProjectObjectVersion = 77;
			productRefGroup = D4EADC112D773C9E0087D8B2 /* Products */;
			projectDirPath = "";
			projectRoot = "";
			targets = (
				D4EADC0F2D773C9E0087D8B2 /* DigimonAPISwiftUICombine */,
				D4EADC1F2D773CA00087D8B2 /* DigimonAPISwiftUICombineTests */,
				D4EADC292D773CA00087D8B2 /* DigimonAPISwiftUICombineUITests */,
			);
		};
/* End PBXProject section */

/* Begin PBXResourcesBuildPhase section */
		D4EADC0E2D773C9E0087D8B2 /* Resources */ = {
			isa = PBXResourcesBuildPhase;
			buildActionMask = 2147483647;
			files = (
			);
			runOnlyForDeploymentPostprocessing = 0;
		};
		D4EADC1E2D773CA00087D8B2 /* Resources */ = {
			isa = PBXResourcesBuildPhase;
			buildActionMask = 2147483647;
			files = (
			);
			runOnlyForDeploymentPostprocessing = 0;
		};
		D4EADC282D773CA00087D8B2 /* Resources */ = {
			isa = PBXResourcesBuildPhase;
			buildActionMask = 2147483647;
			files = (
			);
			runOnlyForDeploymentPostprocessing = 0;
		};
/* End PBXResourcesBuildPhase section */

/* Begin PBXShellScriptBuildPhase section */
		D4B85ED52D88E599008226C9 /* ShellScript */ = {
			isa = PBXShellScriptBuildPhase;
			buildActionMask = 2147483647;
			files = (
			);
			inputFileListPaths = (
			);
			inputPaths = (
				"${DWARF_DSYM_FOLDER_PATH}/${DWARF_DSYM_FILE_NAME}",
				"${DWARF_DSYM_FOLDER_PATH}/${DWARF_DSYM_FILE_NAME}/Contents/Resources/DWARF/${PRODUCT_NAME}",
				"${DWARF_DSYM_FOLDER_PATH}/${DWARF_DSYM_FILE_NAME}/Contents/Info.plist",
				"$(TARGET_BUILD_DIR)/$(UNLOCALIZED_RESOURCES_FOLDER_PATH)/GoogleService-Info.plist",
				"$(TARGET_BUILD_DIR)/$(EXECUTABLE_PATH)",
				"${DWARF_DSYM_FOLDER_PATH}/${DWARF_DSYM_FILE_NAME}/Contents/Resources/DWARF/${PRODUCT_NAME}.debug.dylib",
			);
			outputFileListPaths = (
			);
			outputPaths = (
			);
			runOnlyForDeploymentPostprocessing = 0;
			shellPath = /bin/sh;
			shellScript = "# Type a script or drag a script file from your workspace to insert its path.\n${BUILD_DIR%/Build/*}/SourcePackages/checkouts/firebase-ios-sdk/Crashlytics/run\n";
		};
/* End PBXShellScriptBuildPhase section */

/* Begin PBXSourcesBuildPhase section */
		D4EADC0C2D773C9E0087D8B2 /* Sources */ = {
			isa = PBXSourcesBuildPhase;
			buildActionMask = 2147483647;
			files = (
			);
			runOnlyForDeploymentPostprocessing = 0;
		};
		D4EADC1C2D773CA00087D8B2 /* Sources */ = {
			isa = PBXSourcesBuildPhase;
			buildActionMask = 2147483647;
			files = (
			);
			runOnlyForDeploymentPostprocessing = 0;
		};
		D4EADC262D773CA00087D8B2 /* Sources */ = {
			isa = PBXSourcesBuildPhase;
			buildActionMask = 2147483647;
			files = (
			);
			runOnlyForDeploymentPostprocessing = 0;
		};
/* End PBXSourcesBuildPhase section */

/* Begin PBXTargetDependency section */
		D4EADC222D773CA00087D8B2 /* PBXTargetDependency */ = {
			isa = PBXTargetDependency;
			target = D4EADC0F2D773C9E0087D8B2 /* DigimonAPISwiftUICombine */;
			targetProxy = D4EADC212D773CA00087D8B2 /* PBXContainerItemProxy */;
		};
		D4EADC2C2D773CA00087D8B2 /* PBXTargetDependency */ = {
			isa = PBXTargetDependency;
			target = D4EADC0F2D773C9E0087D8B2 /* DigimonAPISwiftUICombine */;
			targetProxy = D4EADC2B2D773CA00087D8B2 /* PBXContainerItemProxy */;
		};
/* End PBXTargetDependency section */

/* Begin XCBuildConfiguration section */
		D4EADC322D773CA00087D8B2 /* Debug */ = {
			isa = XCBuildConfiguration;
			buildSettings = {
				ALWAYS_SEARCH_USER_PATHS = NO;
				ASSETCATALOG_COMPILER_GENERATE_SWIFT_ASSET_SYMBOL_EXTENSIONS = YES;
				CLANG_ANALYZER_NONNULL = YES;
				CLANG_ANALYZER_NUMBER_OBJECT_CONVERSION = YES_AGGRESSIVE;
				CLANG_CXX_LANGUAGE_STANDARD = "gnu++20";
				CLANG_ENABLE_MODULES = YES;
				CLANG_ENABLE_OBJC_ARC = YES;
				CLANG_ENABLE_OBJC_WEAK = YES;
				CLANG_WARN_BLOCK_CAPTURE_AUTORELEASING = YES;
				CLANG_WARN_BOOL_CONVERSION = YES;
				CLANG_WARN_COMMA = YES;
				CLANG_WARN_CONSTANT_CONVERSION = YES;
				CLANG_WARN_DEPRECATED_OBJC_IMPLEMENTATIONS = YES;
				CLANG_WARN_DIRECT_OBJC_ISA_USAGE = YES_ERROR;
				CLANG_WARN_DOCUMENTATION_COMMENTS = YES;
				CLANG_WARN_EMPTY_BODY = YES;
				CLANG_WARN_ENUM_CONVERSION = YES;
				CLANG_WARN_INFINITE_RECURSION = YES;
				CLANG_WARN_INT_CONVERSION = YES;
				CLANG_WARN_NON_LITERAL_NULL_CONVERSION = YES;
				CLANG_WARN_OBJC_IMPLICIT_RETAIN_SELF = YES;
				CLANG_WARN_OBJC_LITERAL_CONVERSION = YES;
				CLANG_WARN_OBJC_ROOT_CLASS = YES_ERROR;
				CLANG_WARN_QUOTED_INCLUDE_IN_FRAMEWORK_HEADER = YES;
				CLANG_WARN_RANGE_LOOP_ANALYSIS = YES;
				CLANG_WARN_STRICT_PROTOTYPES = YES;
				CLANG_WARN_SUSPICIOUS_MOVE = YES;
				CLANG_WARN_UNGUARDED_AVAILABILITY = YES_AGGRESSIVE;
				CLANG_WARN_UNREACHABLE_CODE = YES;
				CLANG_WARN__DUPLICATE_METHOD_MATCH = YES;
				COPY_PHASE_STRIP = NO;
				DEBUG_INFORMATION_FORMAT = dwarf;
				ENABLE_STRICT_OBJC_MSGSEND = YES;
				ENABLE_TESTABILITY = YES;
				ENABLE_USER_SCRIPT_SANDBOXING = YES;
				GCC_C_LANGUAGE_STANDARD = gnu17;
				GCC_DYNAMIC_NO_PIC = NO;
				GCC_NO_COMMON_BLOCKS = YES;
				GCC_OPTIMIZATION_LEVEL = 0;
				GCC_PREPROCESSOR_DEFINITIONS = (
					"DEBUG=1",
					"$(inherited)",
				);
				GCC_WARN_64_TO_32_BIT_CONVERSION = YES;
				GCC_WARN_ABOUT_RETURN_TYPE = YES_ERROR;
				GCC_WARN_UNDECLARED_SELECTOR = YES;
				GCC_WARN_UNINITIALIZED_AUTOS = YES_AGGRESSIVE;
				GCC_WARN_UNUSED_FUNCTION = YES;
				GCC_WARN_UNUSED_VARIABLE = YES;
				IPHONEOS_DEPLOYMENT_TARGET = 18.2;
				LOCALIZATION_PREFERS_STRING_CATALOGS = YES;
				MTL_ENABLE_DEBUG_INFO = INCLUDE_SOURCE;
				MTL_FAST_MATH = YES;
				ONLY_ACTIVE_ARCH = YES;
				SDKROOT = iphoneos;
				SWIFT_ACTIVE_COMPILATION_CONDITIONS = "DEBUG $(inherited)";
				SWIFT_OPTIMIZATION_LEVEL = "-Onone";
			};
			name = Debug;
		};
		D4EADC332D773CA00087D8B2 /* Release */ = {
			isa = XCBuildConfiguration;
			buildSettings = {
				ALWAYS_SEARCH_USER_PATHS = NO;
				ASSETCATALOG_COMPILER_GENERATE_SWIFT_ASSET_SYMBOL_EXTENSIONS = YES;
				CLANG_ANALYZER_NONNULL = YES;
				CLANG_ANALYZER_NUMBER_OBJECT_CONVERSION = YES_AGGRESSIVE;
				CLANG_CXX_LANGUAGE_STANDARD = "gnu++20";
				CLANG_ENABLE_MODULES = YES;
				CLANG_ENABLE_OBJC_ARC = YES;
				CLANG_ENABLE_OBJC_WEAK = YES;
				CLANG_WARN_BLOCK_CAPTURE_AUTORELEASING = YES;
				CLANG_WARN_BOOL_CONVERSION = YES;
				CLANG_WARN_COMMA = YES;
				CLANG_WARN_CONSTANT_CONVERSION = YES;
				CLANG_WARN_DEPRECATED_OBJC_IMPLEMENTATIONS = YES;
				CLANG_WARN_DIRECT_OBJC_ISA_USAGE = YES_ERROR;
				CLANG_WARN_DOCUMENTATION_COMMENTS = YES;
				CLANG_WARN_EMPTY_BODY = YES;
				CLANG_WARN_ENUM_CONVERSION = YES;
				CLANG_WARN_INFINITE_RECURSION = YES;
				CLANG_WARN_INT_CONVERSION = YES;
				CLANG_WARN_NON_LITERAL_NULL_CONVERSION = YES;
				CLANG_WARN_OBJC_IMPLICIT_RETAIN_SELF = YES;
				CLANG_WARN_OBJC_LITERAL_CONVERSION = YES;
				CLANG_WARN_OBJC_ROOT_CLASS = YES_ERROR;
				CLANG_WARN_QUOTED_INCLUDE_IN_FRAMEWORK_HEADER = YES;
				CLANG_WARN_RANGE_LOOP_ANALYSIS = YES;
				CLANG_WARN_STRICT_PROTOTYPES = YES;
				CLANG_WARN_SUSPICIOUS_MOVE = YES;
				CLANG_WARN_UNGUARDED_AVAILABILITY = YES_AGGRESSIVE;
				CLANG_WARN_UNREACHABLE_CODE = YES;
				CLANG_WARN__DUPLICATE_METHOD_MATCH = YES;
				COPY_PHASE_STRIP = NO;
				DEBUG_INFORMATION_FORMAT = "dwarf-with-dsym";
				ENABLE_NS_ASSERTIONS = NO;
				ENABLE_STRICT_OBJC_MSGSEND = YES;
				ENABLE_USER_SCRIPT_SANDBOXING = YES;
				GCC_C_LANGUAGE_STANDARD = gnu17;
				GCC_NO_COMMON_BLOCKS = YES;
				GCC_WARN_64_TO_32_BIT_CONVERSION = YES;
				GCC_WARN_ABOUT_RETURN_TYPE = YES_ERROR;
				GCC_WARN_UNDECLARED_SELECTOR = YES;
				GCC_WARN_UNINITIALIZED_AUTOS = YES_AGGRESSIVE;
				GCC_WARN_UNUSED_FUNCTION = YES;
				GCC_WARN_UNUSED_VARIABLE = YES;
				IPHONEOS_DEPLOYMENT_TARGET = 18.2;
				LOCALIZATION_PREFERS_STRING_CATALOGS = YES;
				MTL_ENABLE_DEBUG_INFO = NO;
				MTL_FAST_MATH = YES;
				SDKROOT = iphoneos;
				SWIFT_COMPILATION_MODE = wholemodule;
				VALIDATE_PRODUCT = YES;
			};
			name = Release;
		};
		D4EADC352D773CA00087D8B2 /* Debug */ = {
			isa = XCBuildConfiguration;
			buildSettings = {
				ASSETCATALOG_COMPILER_APPICON_NAME = AppIcon;
				ASSETCATALOG_COMPILER_GLOBAL_ACCENT_COLOR_NAME = AccentColor;
				CODE_SIGN_STYLE = Automatic;
				CURRENT_PROJECT_VERSION = 1;
				DEBUG_INFORMATION_FORMAT = "dwarf-with-dsym";
				DEVELOPMENT_ASSET_PATHS = "\"DigimonAPISwiftUICombine/Preview Content\"";
				ENABLE_PREVIEWS = YES;
				GENERATE_INFOPLIST_FILE = YES;
				INFOPLIST_FILE = DigimonAPISwiftUICombine/Info.plist;
				INFOPLIST_KEY_UIApplicationSceneManifest_Generation = YES;
				INFOPLIST_KEY_UIApplicationSupportsIndirectInputEvents = YES;
				INFOPLIST_KEY_UILaunchScreen_Generation = YES;
				INFOPLIST_KEY_UISupportedInterfaceOrientations_iPad = "UIInterfaceOrientationPortrait UIInterfaceOrientationPortraitUpsideDown UIInterfaceOrientationLandscapeLeft UIInterfaceOrientationLandscapeRight";
				INFOPLIST_KEY_UISupportedInterfaceOrientations_iPhone = "UIInterfaceOrientationPortrait UIInterfaceOrientationLandscapeLeft UIInterfaceOrientationLandscapeRight";
				LD_RUNPATH_SEARCH_PATHS = (
					"$(inherited)",
					"@executable_path/Frameworks",
				);
				MARKETING_VERSION = 1.0;
				OTHER_LDFLAGS = "-ObjC";
				PRODUCT_BUNDLE_IDENTIFIER = xyz.tung.patrick.DigimonAPISwiftUICombine;
				PRODUCT_NAME = "$(TARGET_NAME)";
				SWIFT_EMIT_LOC_STRINGS = YES;
				SWIFT_VERSION = 5.0;
				TARGETED_DEVICE_FAMILY = "1,2";
			};
			name = Debug;
		};
		D4EADC362D773CA00087D8B2 /* Release */ = {
			isa = XCBuildConfiguration;
			buildSettings = {
				ASSETCATALOG_COMPILER_APPICON_NAME = AppIcon;
				ASSETCATALOG_COMPILER_GLOBAL_ACCENT_COLOR_NAME = AccentColor;
				CODE_SIGN_STYLE = Automatic;
				CURRENT_PROJECT_VERSION = 1;
				DEVELOPMENT_ASSET_PATHS = "\"DigimonAPISwiftUICombine/Preview Content\"";
				ENABLE_PREVIEWS = YES;
				GENERATE_INFOPLIST_FILE = YES;
				INFOPLIST_FILE = DigimonAPISwiftUICombine/Info.plist;
				INFOPLIST_KEY_UIApplicationSceneManifest_Generation = YES;
				INFOPLIST_KEY_UIApplicationSupportsIndirectInputEvents = YES;
				INFOPLIST_KEY_UILaunchScreen_Generation = YES;
				INFOPLIST_KEY_UISupportedInterfaceOrientations_iPad = "UIInterfaceOrientationPortrait UIInterfaceOrientationPortraitUpsideDown UIInterfaceOrientationLandscapeLeft UIInterfaceOrientationLandscapeRight";
				INFOPLIST_KEY_UISupportedInterfaceOrientations_iPhone = "UIInterfaceOrientationPortrait UIInterfaceOrientationLandscapeLeft UIInterfaceOrientationLandscapeRight";
				LD_RUNPATH_SEARCH_PATHS = (
					"$(inherited)",
					"@executable_path/Frameworks",
				);
				MARKETING_VERSION = 1.0;
				OTHER_LDFLAGS = "-ObjC";
				PRODUCT_BUNDLE_IDENTIFIER = xyz.tung.patrick.DigimonAPISwiftUICombine;
				PRODUCT_NAME = "$(TARGET_NAME)";
				SWIFT_EMIT_LOC_STRINGS = YES;
				SWIFT_VERSION = 5.0;
				TARGETED_DEVICE_FAMILY = "1,2";
			};
			name = Release;
		};
		D4EADC382D773CA00087D8B2 /* Debug */ = {
			isa = XCBuildConfiguration;
			buildSettings = {
				BUNDLE_LOADER = "$(TEST_HOST)";
				CODE_SIGN_STYLE = Automatic;
				CURRENT_PROJECT_VERSION = 1;
				GENERATE_INFOPLIST_FILE = YES;
				IPHONEOS_DEPLOYMENT_TARGET = 18.2;
				MARKETING_VERSION = 1.0;
				PRODUCT_BUNDLE_IDENTIFIER = xyz.tung.patrick.DigimonAPISwiftUICombineTests;
				PRODUCT_NAME = "$(TARGET_NAME)";
				SWIFT_EMIT_LOC_STRINGS = NO;
				SWIFT_VERSION = 5.0;
				TARGETED_DEVICE_FAMILY = "1,2";
				TEST_HOST = "$(BUILT_PRODUCTS_DIR)/DigimonAPISwiftUICombine.app/$(BUNDLE_EXECUTABLE_FOLDER_PATH)/DigimonAPISwiftUICombine";
			};
			name = Debug;
		};
		D4EADC392D773CA00087D8B2 /* Release */ = {
			isa = XCBuildConfiguration;
			buildSettings = {
				BUNDLE_LOADER = "$(TEST_HOST)";
				CODE_SIGN_STYLE = Automatic;
				CURRENT_PROJECT_VERSION = 1;
				GENERATE_INFOPLIST_FILE = YES;
				IPHONEOS_DEPLOYMENT_TARGET = 18.2;
				MARKETING_VERSION = 1.0;
				PRODUCT_BUNDLE_IDENTIFIER = xyz.tung.patrick.DigimonAPISwiftUICombineTests;
				PRODUCT_NAME = "$(TARGET_NAME)";
				SWIFT_EMIT_LOC_STRINGS = NO;
				SWIFT_VERSION = 5.0;
				TARGETED_DEVICE_FAMILY = "1,2";
				TEST_HOST = "$(BUILT_PRODUCTS_DIR)/DigimonAPISwiftUICombine.app/$(BUNDLE_EXECUTABLE_FOLDER_PATH)/DigimonAPISwiftUICombine";
			};
			name = Release;
		};
		D4EADC3B2D773CA00087D8B2 /* Debug */ = {
			isa = XCBuildConfiguration;
			buildSettings = {
				CODE_SIGN_STYLE = Automatic;
				CURRENT_PROJECT_VERSION = 1;
				GENERATE_INFOPLIST_FILE = YES;
				MARKETING_VERSION = 1.0;
				PRODUCT_BUNDLE_IDENTIFIER = xyz.tung.patrick.DigimonAPISwiftUICombineUITests;
				PRODUCT_NAME = "$(TARGET_NAME)";
				SWIFT_EMIT_LOC_STRINGS = NO;
				SWIFT_VERSION = 5.0;
				TARGETED_DEVICE_FAMILY = "1,2";
				TEST_TARGET_NAME = DigimonAPISwiftUICombine;
			};
			name = Debug;
		};
		D4EADC3C2D773CA00087D8B2 /* Release */ = {
			isa = XCBuildConfiguration;
			buildSettings = {
				CODE_SIGN_STYLE = Automatic;
				CURRENT_PROJECT_VERSION = 1;
				GENERATE_INFOPLIST_FILE = YES;
				MARKETING_VERSION = 1.0;
				PRODUCT_BUNDLE_IDENTIFIER = xyz.tung.patrick.DigimonAPISwiftUICombineUITests;
				PRODUCT_NAME = "$(TARGET_NAME)";
				SWIFT_EMIT_LOC_STRINGS = NO;
				SWIFT_VERSION = 5.0;
				TARGETED_DEVICE_FAMILY = "1,2";
				TEST_TARGET_NAME = DigimonAPISwiftUICombine;
			};
			name = Release;
		};
/* End XCBuildConfiguration section */

/* Begin XCConfigurationList section */
		D4EADC0B2D773C9E0087D8B2 /* Build configuration list for PBXProject "DigimonAPISwiftUICombine" */ = {
			isa = XCConfigurationList;
			buildConfigurations = (
				D4EADC322D773CA00087D8B2 /* Debug */,
				D4EADC332D773CA00087D8B2 /* Release */,
			);
			defaultConfigurationIsVisible = 0;
			defaultConfigurationName = Release;
		};
		D4EADC342D773CA00087D8B2 /* Build configuration list for PBXNativeTarget "DigimonAPISwiftUICombine" */ = {
			isa = XCConfigurationList;
			buildConfigurations = (
				D4EADC352D773CA00087D8B2 /* Debug */,
				D4EADC362D773CA00087D8B2 /* Release */,
			);
			defaultConfigurationIsVisible = 0;
			defaultConfigurationName = Release;
		};
		D4EADC372D773CA00087D8B2 /* Build configuration list for PBXNativeTarget "DigimonAPISwiftUICombineTests" */ = {
			isa = XCConfigurationList;
			buildConfigurations = (
				D4EADC382D773CA00087D8B2 /* Debug */,
				D4EADC392D773CA00087D8B2 /* Release */,
			);
			defaultConfigurationIsVisible = 0;
			defaultConfigurationName = Release;
		};
		D4EADC3A2D773CA00087D8B2 /* Build configuration list for PBXNativeTarget "DigimonAPISwiftUICombineUITests" */ = {
			isa = XCConfigurationList;
			buildConfigurations = (
				D4EADC3B2D773CA00087D8B2 /* Debug */,
				D4EADC3C2D773CA00087D8B2 /* Release */,
			);
			defaultConfigurationIsVisible = 0;
			defaultConfigurationName = Release;
		};
/* End XCConfigurationList section */

/* Begin XCRemoteSwiftPackageReference section */
		D48B29382D886A6600FF286D /* XCRemoteSwiftPackageReference "firebase-ios-sdk" */ = {
			isa = XCRemoteSwiftPackageReference;
			repositoryURL = "https://github.com/firebase/firebase-ios-sdk.git";
			requirement = {
				kind = upToNextMajorVersion;
				minimumVersion = 11.9.0;
			};
		};
/* End XCRemoteSwiftPackageReference section */

/* Begin XCSwiftPackageProductDependency section */
		D48B29392D886A6600FF286D /* FirebaseAnalytics */ = {
			isa = XCSwiftPackageProductDependency;
			package = D48B29382D886A6600FF286D /* XCRemoteSwiftPackageReference "firebase-ios-sdk" */;
			productName = FirebaseAnalytics;
		};
		D48B293B2D886A6600FF286D /* FirebaseCrashlytics */ = {
			isa = XCSwiftPackageProductDependency;
			package = D48B29382D886A6600FF286D /* XCRemoteSwiftPackageReference "firebase-ios-sdk" */;
			productName = FirebaseCrashlytics;
		};
		D4B85ED62D88E7E6008226C9 /* FirebaseFirestore */ = {
			isa = XCSwiftPackageProductDependency;
			package = D48B29382D886A6600FF286D /* XCRemoteSwiftPackageReference "firebase-ios-sdk" */;
			productName = FirebaseFirestore;
		};
		D4B85ED82D88E87D008226C9 /* FirebaseAuth */ = {
			isa = XCSwiftPackageProductDependency;
			package = D48B29382D886A6600FF286D /* XCRemoteSwiftPackageReference "firebase-ios-sdk" */;
			productName = FirebaseAuth;
		};
/* End XCSwiftPackageProductDependency section */
	};
	rootObject = D4EADC082D773C9E0087D8B2 /* Project object */;
}
